{
    "_meta": {
        "hash": {
            "sha256": "dbe31de956970c0fada96efb05e4169b4b022e013dcfbb447ab5137c4be7525f"
        },
        "pipfile-spec": 6,
        "requires": {
            "python_version": "3.6"
        },
        "sources": [
            {
                "name": "pypi",
                "url": "https://pypi.org/simple",
                "verify_ssl": true
            }
        ]
    },
    "default": {
        "docutils": {
            "hashes": [
                "sha256:6c4f696463b79f1fb8ba0c594b63840ebd41f059e92b31957c46b74a4599b6d0",
                "sha256:9e4d7ecfc600058e07ba661411a2b7de2fd0fafa17d1a7f7361cd47b1175c827",
                "sha256:a2aeea129088da402665e92e0b25b04b073c04b2dce4ab65caaa38b7ce2e1a99"
            ],
            "index": "pypi",
            "version": "==0.15.2"
        },
        "jinja2": {
            "hashes": [
                "sha256:a85e185375db75c109f99ecde3d55415f035e7068a82252cf4f16c667ac38f49"
            ],
            "index": "pypi",
            "version": "==2.6"
        },
        "pygments": {
            "hashes": [
                "sha256:fe183e3886f597e41f8c88d0e53c796cefddc879bfdf45f2915a383060436740"
            ],
            "index": "pypi",
            "version": "==1.5"
        },
        "pyyaml": {
            "hashes": [
                "sha256:0e7f69397d53155e55d10ff68fdfb2cf630a35e6daf65cf0bdeaf04f127c09dc",
                "sha256:2e9f0b7c5914367b0916c3c104a024bb68f269a486b9d04a2e8ac6f6597b7803",
                "sha256:35ace9b4147848cafac3db142795ee42deebe9d0dad885ce643928e88daebdcc",
                "sha256:38a4f0d114101c58c0f3a88aeaa44d63efd588845c5a2df5290b73db8f246d15",
                "sha256:483eb6a33b671408c8529106df3707270bfacb2447bf8ad856a4b4f57f6e3075",
                "sha256:4b6be5edb9f6bb73680f5bf4ee08ff25416d1400fbd4535fe0069b2994da07cd",
                "sha256:7f38e35c00e160db592091751d385cd7b3046d6d51f578b29943225178257b31",
                "sha256:8100c896ecb361794d8bfdb9c11fce618c7cf83d624d73d5ab38aef3bc82d43f",
                "sha256:c0ee8eca2c582d29c3c2ec6e2c4f703d1b7f1fb10bc72317355a746057e7346c",
                "sha256:e4c015484ff0ff197564917b4b4246ca03f411b9bd7f16e02a2f586eb48b6d04",
                "sha256:ebc4ed52dcc93eeebeae5cf5deb2ae4347b3a81c3fa12b0b8c976544829396a4"
            ],
            "index": "pypi",
            "version": "==5.2"
        },
        "straight.command": {
            "hashes": [
                "sha256:2b701ae995afc5ea39fce74ae158e8068822e2d1efbe65a6eb1f0fb8be5f0cb0"
            ],
            "index": "pypi",
            "version": "==0.1a3"
        },
        "straight.plugin": {
            "hashes": [
                "sha256:df8259b06186668b2b121951e5731c2abd5e58b528caf4ec301caa0504ec3aa5"
            ],
            "index": "pypi",
            "version": "==1.3"
        }
    },
    "develop": {}
}
